
Microsoft Visual Studio Solution File, Format Version 12.00
# Visual Studio Version 17
VisualStudioVersion = 17.6.33723.286
MinimumVisualStudioVersion = 10.0.40219.1
Project("{FAE04EC0-301F-11D3-BF4B-00C04F79EFBC}") = "SEDC.NoteApp", "SEDC.NoteApp\SEDC.NoteApp.csproj", "{8304A226-75CE-443C-A3F8-2ABE71028558}"
EndProject
Global
	GlobalSection(SolutionConfigurationPlatforms) = preSolution
		Debug|Any CPU = Debug|Any CPU
		Release|Any CPU = Release|Any CPU
	EndGlobalSection
	GlobalSection(ProjectConfigurationPlatforms) = postSolution
		{8304A226-75CE-443C-A3F8-2ABE71028558}.Debug|Any CPU.ActiveCfg = Debug|Any CPU
		{8304A226-75CE-443C-A3F8-2ABE71028558}.Debug|Any CPU.Build.0 = Debug|Any CPU
		{8304A226-75CE-443C-A3F8-2ABE71028558}.Release|Any CPU.ActiveCfg = Release|Any CPU
		{8304A226-75CE-443C-A3F8-2ABE71028558}.Release|Any CPU.Build.0 = Release|Any CPU
	EndGlobalSection
	GlobalSection(SolutionProperties) = preSolution
		HideSolutionNode = FALSE
	EndGlobalSection
	GlobalSection(ExtensibilityGlobals) = postSolution
		SolutionGuid = {7C60C2FE-3EAD-449A-B37B-44894427A44C}
	EndGlobalSection
EndGlobal
