
Microsoft Visual Studio Solution File, Format Version 12.00
# Visual Studio Version 17
VisualStudioVersion = 17.5.33414.496
MinimumVisualStudioVersion = 10.0.40219.1
Project("{FAE04EC0-301F-11D3-BF4B-00C04F79EFBC}") = "MoviesApp_Part2", "MoviesApp_Part2\MoviesApp_Part2.csproj", "{82D859C0-07C4-4374-B33C-9D865BABDF84}"
EndProject
Project("{FAE04EC0-301F-11D3-BF4B-00C04F79EFBC}") = "MoviesApp_Part2.Domain", "MoviesApp_Part2.Domain\MoviesApp_Part2.Domain.csproj", "{5213BAA5-0EF1-4939-9F1D-BBCE10958E62}"
EndProject
Project("{FAE04EC0-301F-11D3-BF4B-00C04F79EFBC}") = "MoviesApp_Part2.DataAccess", "MoviesApp_Part2.DataAccess\MoviesApp_Part2.DataAccess.csproj", "{F8ACDB19-BF6C-4D3B-AC36-0E7422780092}"
EndProject
Project("{FAE04EC0-301F-11D3-BF4B-00C04F79EFBC}") = "MoviesApp_Part2.Services", "MoviesApp_Part2.Services\MoviesApp_Part2.Services.csproj", "{91951AD8-B25B-4FDA-9893-481CD44C1B64}"
EndProject
Project("{FAE04EC0-301F-11D3-BF4B-00C04F79EFBC}") = "MoviesApp_Part2.Helpers", "MoviesApp_Part2.Helpers\MoviesApp_Part2.Helpers.csproj", "{C169993B-CCE7-406F-8176-1928BE7EA556}"
EndProject
Global
	GlobalSection(SolutionConfigurationPlatforms) = preSolution
		Debug|Any CPU = Debug|Any CPU
		Release|Any CPU = Release|Any CPU
	EndGlobalSection
	GlobalSection(ProjectConfigurationPlatforms) = postSolution
		{82D859C0-07C4-4374-B33C-9D865BABDF84}.Debug|Any CPU.ActiveCfg = Debug|Any CPU
		{82D859C0-07C4-4374-B33C-9D865BABDF84}.Debug|Any CPU.Build.0 = Debug|Any CPU
		{82D859C0-07C4-4374-B33C-9D865BABDF84}.Release|Any CPU.ActiveCfg = Release|Any CPU
		{82D859C0-07C4-4374-B33C-9D865BABDF84}.Release|Any CPU.Build.0 = Release|Any CPU
		{5213BAA5-0EF1-4939-9F1D-BBCE10958E62}.Debug|Any CPU.ActiveCfg = Debug|Any CPU
		{5213BAA5-0EF1-4939-9F1D-BBCE10958E62}.Debug|Any CPU.Build.0 = Debug|Any CPU
		{5213BAA5-0EF1-4939-9F1D-BBCE10958E62}.Release|Any CPU.ActiveCfg = Release|Any CPU
		{5213BAA5-0EF1-4939-9F1D-BBCE10958E62}.Release|Any CPU.Build.0 = Release|Any CPU
		{F8ACDB19-BF6C-4D3B-AC36-0E7422780092}.Debug|Any CPU.ActiveCfg = Debug|Any CPU
		{F8ACDB19-BF6C-4D3B-AC36-0E7422780092}.Debug|Any CPU.Build.0 = Debug|Any CPU
		{F8ACDB19-BF6C-4D3B-AC36-0E7422780092}.Release|Any CPU.ActiveCfg = Release|Any CPU
		{F8ACDB19-BF6C-4D3B-AC36-0E7422780092}.Release|Any CPU.Build.0 = Release|Any CPU
		{91951AD8-B25B-4FDA-9893-481CD44C1B64}.Debug|Any CPU.ActiveCfg = Debug|Any CPU
		{91951AD8-B25B-4FDA-9893-481CD44C1B64}.Debug|Any CPU.Build.0 = Debug|Any CPU
		{91951AD8-B25B-4FDA-9893-481CD44C1B64}.Release|Any CPU.ActiveCfg = Release|Any CPU
		{91951AD8-B25B-4FDA-9893-481CD44C1B64}.Release|Any CPU.Build.0 = Release|Any CPU
		{C169993B-CCE7-406F-8176-1928BE7EA556}.Debug|Any CPU.ActiveCfg = Debug|Any CPU
		{C169993B-CCE7-406F-8176-1928BE7EA556}.Debug|Any CPU.Build.0 = Debug|Any CPU
		{C169993B-CCE7-406F-8176-1928BE7EA556}.Release|Any CPU.ActiveCfg = Release|Any CPU
		{C169993B-CCE7-406F-8176-1928BE7EA556}.Release|Any CPU.Build.0 = Release|Any CPU
	EndGlobalSection
	GlobalSection(SolutionProperties) = preSolution
		HideSolutionNode = FALSE
	EndGlobalSection
	GlobalSection(ExtensibilityGlobals) = postSolution
		SolutionGuid = {8E98BBD8-DF48-4039-995C-EA7F146E20DD}
	EndGlobalSection
EndGlobal
