
Microsoft Visual Studio Solution File, Format Version 12.00
# Visual Studio Version 17
VisualStudioVersion = 17.5.33414.496
MinimumVisualStudioVersion = 10.0.40219.1
Project("{FAE04EC0-301F-11D3-BF4B-00C04F79EFBC}") = "NotesApp", "NotesApp\NotesApp.csproj", "{307894A6-F531-4186-A0B1-40B37A4E9E7E}"
EndProject
Global
	GlobalSection(SolutionConfigurationPlatforms) = preSolution
		Debug|Any CPU = Debug|Any CPU
		Release|Any CPU = Release|Any CPU
	EndGlobalSection
	GlobalSection(ProjectConfigurationPlatforms) = postSolution
		{307894A6-F531-4186-A0B1-40B37A4E9E7E}.Debug|Any CPU.ActiveCfg = Debug|Any CPU
		{307894A6-F531-4186-A0B1-40B37A4E9E7E}.Debug|Any CPU.Build.0 = Debug|Any CPU
		{307894A6-F531-4186-A0B1-40B37A4E9E7E}.Release|Any CPU.ActiveCfg = Release|Any CPU
		{307894A6-F531-4186-A0B1-40B37A4E9E7E}.Release|Any CPU.Build.0 = Release|Any CPU
	EndGlobalSection
	GlobalSection(SolutionProperties) = preSolution
		HideSolutionNode = FALSE
	EndGlobalSection
	GlobalSection(ExtensibilityGlobals) = postSolution
		SolutionGuid = {782E138E-5D30-4A71-B41C-2C7308E0D75F}
	EndGlobalSection
EndGlobal
