
Microsoft Visual Studio Solution File, Format Version 12.00
# Visual Studio Version 17
VisualStudioVersion = 17.5.33414.496
MinimumVisualStudioVersion = 10.0.40219.1
Project("{FAE04EC0-301F-11D3-BF4B-00C04F79EFBC}") = "NotesAndTagsAppG5", "NotesAndTagsAppG5\NotesAndTagsAppG5.csproj", "{E798CA26-EE9E-4911-9F6F-BD09DC6C61A4}"
EndProject
Global
	GlobalSection(SolutionConfigurationPlatforms) = preSolution
		Debug|Any CPU = Debug|Any CPU
		Release|Any CPU = Release|Any CPU
	EndGlobalSection
	GlobalSection(ProjectConfigurationPlatforms) = postSolution
		{E798CA26-EE9E-4911-9F6F-BD09DC6C61A4}.Debug|Any CPU.ActiveCfg = Debug|Any CPU
		{E798CA26-EE9E-4911-9F6F-BD09DC6C61A4}.Debug|Any CPU.Build.0 = Debug|Any CPU
		{E798CA26-EE9E-4911-9F6F-BD09DC6C61A4}.Release|Any CPU.ActiveCfg = Release|Any CPU
		{E798CA26-EE9E-4911-9F6F-BD09DC6C61A4}.Release|Any CPU.Build.0 = Release|Any CPU
	EndGlobalSection
	GlobalSection(SolutionProperties) = preSolution
		HideSolutionNode = FALSE
	EndGlobalSection
	GlobalSection(ExtensibilityGlobals) = postSolution
		SolutionGuid = {40B7FF17-1E18-4981-9C82-586D782C8F16}
	EndGlobalSection
EndGlobal
