
Microsoft Visual Studio Solution File, Format Version 12.00
# Visual Studio Version 17
VisualStudioVersion = 17.2.32526.322
MinimumVisualStudioVersion = 10.0.40219.1
Project("{FAE04EC0-301F-11D3-BF4B-00C04F79EFBC}") = "Profiles.Api", "Profiles.Api\Profiles.Api.csproj", "{91BA1CD8-2AB4-44E4-812A-1820807DD091}"
EndProject
Project("{FAE04EC0-301F-11D3-BF4B-00C04F79EFBC}") = "Profiles.DAL", "Profiles.DAL\Profiles.DAL.csproj", "{92FAE0AA-E6E8-44FD-A229-CC41DE6B9C82}"
EndProject
Project("{FAE04EC0-301F-11D3-BF4B-00C04F79EFBC}") = "Profiles.BLL", "Profiles.BLL\Profiles.BLL.csproj", "{34B5BC90-05D0-41A8-9EC4-E36B46F1D45F}"
EndProject
Global
	GlobalSection(SolutionConfigurationPlatforms) = preSolution
		Debug|Any CPU = Debug|Any CPU
		Release|Any CPU = Release|Any CPU
	EndGlobalSection
	GlobalSection(ProjectConfigurationPlatforms) = postSolution
		{91BA1CD8-2AB4-44E4-812A-1820807DD091}.Debug|Any CPU.ActiveCfg = Debug|Any CPU
		{91BA1CD8-2AB4-44E4-812A-1820807DD091}.Debug|Any CPU.Build.0 = Debug|Any CPU
		{91BA1CD8-2AB4-44E4-812A-1820807DD091}.Release|Any CPU.ActiveCfg = Release|Any CPU
		{91BA1CD8-2AB4-44E4-812A-1820807DD091}.Release|Any CPU.Build.0 = Release|Any CPU
		{92FAE0AA-E6E8-44FD-A229-CC41DE6B9C82}.Debug|Any CPU.ActiveCfg = Debug|Any CPU
		{92FAE0AA-E6E8-44FD-A229-CC41DE6B9C82}.Debug|Any CPU.Build.0 = Debug|Any CPU
		{92FAE0AA-E6E8-44FD-A229-CC41DE6B9C82}.Release|Any CPU.ActiveCfg = Release|Any CPU
		{92FAE0AA-E6E8-44FD-A229-CC41DE6B9C82}.Release|Any CPU.Build.0 = Release|Any CPU
		{34B5BC90-05D0-41A8-9EC4-E36B46F1D45F}.Debug|Any CPU.ActiveCfg = Debug|Any CPU
		{34B5BC90-05D0-41A8-9EC4-E36B46F1D45F}.Debug|Any CPU.Build.0 = Debug|Any CPU
		{34B5BC90-05D0-41A8-9EC4-E36B46F1D45F}.Release|Any CPU.ActiveCfg = Release|Any CPU
		{34B5BC90-05D0-41A8-9EC4-E36B46F1D45F}.Release|Any CPU.Build.0 = Release|Any CPU
	EndGlobalSection
	GlobalSection(SolutionProperties) = preSolution
		HideSolutionNode = FALSE
	EndGlobalSection
	GlobalSection(ExtensibilityGlobals) = postSolution
		SolutionGuid = {BB2C4450-B70E-4675-8947-4C3A2CC46267}
	EndGlobalSection
EndGlobal
