
Microsoft Visual Studio Solution File, Format Version 12.00
# Visual Studio Version 17
VisualStudioVersion = 17.2.32602.215
MinimumVisualStudioVersion = 10.0.40219.1
Project("{FAE04EC0-301F-11D3-BF4B-00C04F79EFBC}") = "SEDC.NotesAndTagsApp2", "SEDC.NotesAndTagsApp2\SEDC.NotesAndTagsApp2.csproj", "{A78F23ED-5C43-4E89-8A83-05686E175ECF}"
EndProject
Global
	GlobalSection(SolutionConfigurationPlatforms) = preSolution
		Debug|Any CPU = Debug|Any CPU
		Release|Any CPU = Release|Any CPU
	EndGlobalSection
	GlobalSection(ProjectConfigurationPlatforms) = postSolution
		{A78F23ED-5C43-4E89-8A83-05686E175ECF}.Debug|Any CPU.ActiveCfg = Debug|Any CPU
		{A78F23ED-5C43-4E89-8A83-05686E175ECF}.Debug|Any CPU.Build.0 = Debug|Any CPU
		{A78F23ED-5C43-4E89-8A83-05686E175ECF}.Release|Any CPU.ActiveCfg = Release|Any CPU
		{A78F23ED-5C43-4E89-8A83-05686E175ECF}.Release|Any CPU.Build.0 = Release|Any CPU
	EndGlobalSection
	GlobalSection(SolutionProperties) = preSolution
		HideSolutionNode = FALSE
	EndGlobalSection
	GlobalSection(ExtensibilityGlobals) = postSolution
		SolutionGuid = {EA6E03F5-6358-428B-8749-BE54E3691EB1}
	EndGlobalSection
EndGlobal
