
Microsoft Visual Studio Solution File, Format Version 12.00
# Visual Studio Version 17
VisualStudioVersion = 17.2.32602.215
MinimumVisualStudioVersion = 10.0.40219.1
Project("{FAE04EC0-301F-11D3-BF4B-00C04F79EFBC}") = "Services", "Services\Services.csproj", "{CC0815BD-DDE3-4EDA-8A36-A72D123B15FE}"
EndProject
Project("{FAE04EC0-301F-11D3-BF4B-00C04F79EFBC}") = "UnitTestIntroApi", "UnitTestIntroApi\UnitTestIntroApi.csproj", "{363F4888-62A8-4846-ABE4-CB1536C89D31}"
EndProject
Project("{FAE04EC0-301F-11D3-BF4B-00C04F79EFBC}") = "UnitTests", "UnitTests\UnitTests.csproj", "{1E127DF9-99FB-413E-91D1-C97C09628E65}"
EndProject
Global
	GlobalSection(SolutionConfigurationPlatforms) = preSolution
		Debug|Any CPU = Debug|Any CPU
		Release|Any CPU = Release|Any CPU
	EndGlobalSection
	GlobalSection(ProjectConfigurationPlatforms) = postSolution
		{CC0815BD-DDE3-4EDA-8A36-A72D123B15FE}.Debug|Any CPU.ActiveCfg = Debug|Any CPU
		{CC0815BD-DDE3-4EDA-8A36-A72D123B15FE}.Debug|Any CPU.Build.0 = Debug|Any CPU
		{CC0815BD-DDE3-4EDA-8A36-A72D123B15FE}.Release|Any CPU.ActiveCfg = Release|Any CPU
		{CC0815BD-DDE3-4EDA-8A36-A72D123B15FE}.Release|Any CPU.Build.0 = Release|Any CPU
		{363F4888-62A8-4846-ABE4-CB1536C89D31}.Debug|Any CPU.ActiveCfg = Debug|Any CPU
		{363F4888-62A8-4846-ABE4-CB1536C89D31}.Debug|Any CPU.Build.0 = Debug|Any CPU
		{363F4888-62A8-4846-ABE4-CB1536C89D31}.Release|Any CPU.ActiveCfg = Release|Any CPU
		{363F4888-62A8-4846-ABE4-CB1536C89D31}.Release|Any CPU.Build.0 = Release|Any CPU
		{1E127DF9-99FB-413E-91D1-C97C09628E65}.Debug|Any CPU.ActiveCfg = Debug|Any CPU
		{1E127DF9-99FB-413E-91D1-C97C09628E65}.Debug|Any CPU.Build.0 = Debug|Any CPU
		{1E127DF9-99FB-413E-91D1-C97C09628E65}.Release|Any CPU.ActiveCfg = Release|Any CPU
		{1E127DF9-99FB-413E-91D1-C97C09628E65}.Release|Any CPU.Build.0 = Release|Any CPU
	EndGlobalSection
	GlobalSection(SolutionProperties) = preSolution
		HideSolutionNode = FALSE
	EndGlobalSection
	GlobalSection(ExtensibilityGlobals) = postSolution
		SolutionGuid = {9F6139E2-8D6E-4C9C-B6C9-5905C4C92794}
	EndGlobalSection
EndGlobal
