
Microsoft Visual Studio Solution File, Format Version 12.00
# Visual Studio Version 17
VisualStudioVersion = 17.6.33723.286
MinimumVisualStudioVersion = 10.0.40219.1
Project("{FAE04EC0-301F-11D3-BF4B-00C04F79EFBC}") = "SEDC.NotesAndTagsApp", "SEDC.NotesAndTagsApp\SEDC.NotesAndTagsApp.csproj", "{89FD2B04-1F19-48F6-A3FD-325C26D8742F}"
EndProject
Global
	GlobalSection(SolutionConfigurationPlatforms) = preSolution
		Debug|Any CPU = Debug|Any CPU
		Release|Any CPU = Release|Any CPU
	EndGlobalSection
	GlobalSection(ProjectConfigurationPlatforms) = postSolution
		{89FD2B04-1F19-48F6-A3FD-325C26D8742F}.Debug|Any CPU.ActiveCfg = Debug|Any CPU
		{89FD2B04-1F19-48F6-A3FD-325C26D8742F}.Debug|Any CPU.Build.0 = Debug|Any CPU
		{89FD2B04-1F19-48F6-A3FD-325C26D8742F}.Release|Any CPU.ActiveCfg = Release|Any CPU
		{89FD2B04-1F19-48F6-A3FD-325C26D8742F}.Release|Any CPU.Build.0 = Release|Any CPU
	EndGlobalSection
	GlobalSection(SolutionProperties) = preSolution
		HideSolutionNode = FALSE
	EndGlobalSection
	GlobalSection(ExtensibilityGlobals) = postSolution
		SolutionGuid = {B02C1659-7565-4706-9934-81F52351AF9B}
	EndGlobalSection
EndGlobal
