
Microsoft Visual Studio Solution File, Format Version 12.00
# Visual Studio Version 17
VisualStudioVersion = 17.6.33723.286
MinimumVisualStudioVersion = 10.0.40219.1
Project("{FAE04EC0-301F-11D3-BF4B-00C04F79EFBC}") = "Unit_Testing", "Unit_Testing\Unit_Testing.csproj", "{F262A6E2-3642-4774-85E6-D0468BF8A91B}"
EndProject
Project("{FAE04EC0-301F-11D3-BF4B-00C04F79EFBC}") = "UnitTesting_Services", "UnitTesting_Services\UnitTesting_Services.csproj", "{FAF5DE03-432A-484E-BB97-A2CE26DE29DC}"
EndProject
Project("{FAE04EC0-301F-11D3-BF4B-00C04F79EFBC}") = "UnitTesting_Tests", "UnitTesting_Tests\UnitTesting_Tests.csproj", "{DC6CC7F7-E928-410D-BD2F-2BC6C640B047}"
EndProject
Global
	GlobalSection(SolutionConfigurationPlatforms) = preSolution
		Debug|Any CPU = Debug|Any CPU
		Release|Any CPU = Release|Any CPU
	EndGlobalSection
	GlobalSection(ProjectConfigurationPlatforms) = postSolution
		{F262A6E2-3642-4774-85E6-D0468BF8A91B}.Debug|Any CPU.ActiveCfg = Debug|Any CPU
		{F262A6E2-3642-4774-85E6-D0468BF8A91B}.Debug|Any CPU.Build.0 = Debug|Any CPU
		{F262A6E2-3642-4774-85E6-D0468BF8A91B}.Release|Any CPU.ActiveCfg = Release|Any CPU
		{F262A6E2-3642-4774-85E6-D0468BF8A91B}.Release|Any CPU.Build.0 = Release|Any CPU
		{FAF5DE03-432A-484E-BB97-A2CE26DE29DC}.Debug|Any CPU.ActiveCfg = Debug|Any CPU
		{FAF5DE03-432A-484E-BB97-A2CE26DE29DC}.Debug|Any CPU.Build.0 = Debug|Any CPU
		{FAF5DE03-432A-484E-BB97-A2CE26DE29DC}.Release|Any CPU.ActiveCfg = Release|Any CPU
		{FAF5DE03-432A-484E-BB97-A2CE26DE29DC}.Release|Any CPU.Build.0 = Release|Any CPU
		{DC6CC7F7-E928-410D-BD2F-2BC6C640B047}.Debug|Any CPU.ActiveCfg = Debug|Any CPU
		{DC6CC7F7-E928-410D-BD2F-2BC6C640B047}.Debug|Any CPU.Build.0 = Debug|Any CPU
		{DC6CC7F7-E928-410D-BD2F-2BC6C640B047}.Release|Any CPU.ActiveCfg = Release|Any CPU
		{DC6CC7F7-E928-410D-BD2F-2BC6C640B047}.Release|Any CPU.Build.0 = Release|Any CPU
	EndGlobalSection
	GlobalSection(SolutionProperties) = preSolution
		HideSolutionNode = FALSE
	EndGlobalSection
	GlobalSection(ExtensibilityGlobals) = postSolution
		SolutionGuid = {37D8CD3C-2894-41FF-95FD-45820589404F}
	EndGlobalSection
EndGlobal
