
Microsoft Visual Studio Solution File, Format Version 12.00
# Visual Studio Version 17
VisualStudioVersion = 17.3.32901.215
MinimumVisualStudioVersion = 10.0.40219.1
Project("{FAE04EC0-301F-11D3-BF4B-00C04F79EFBC}") = "SEDC.NotesApp", "SEDC.NotesApp\SEDC.NotesApp.csproj", "{3FA76763-9FDB-49E9-9852-A6642B5F32D2}"
EndProject
Project("{FAE04EC0-301F-11D3-BF4B-00C04F79EFBC}") = "SEDC.NotesApp.DataAccess", "SEDC.NotesApp.DataAccess\SEDC.NotesApp.DataAccess.csproj", "{CB9B3FF5-4D55-45F0-A9A6-0C0326D36414}"
EndProject
Global
	GlobalSection(SolutionConfigurationPlatforms) = preSolution
		Debug|Any CPU = Debug|Any CPU
		Release|Any CPU = Release|Any CPU
	EndGlobalSection
	GlobalSection(ProjectConfigurationPlatforms) = postSolution
		{3FA76763-9FDB-49E9-9852-A6642B5F32D2}.Debug|Any CPU.ActiveCfg = Debug|Any CPU
		{3FA76763-9FDB-49E9-9852-A6642B5F32D2}.Debug|Any CPU.Build.0 = Debug|Any CPU
		{3FA76763-9FDB-49E9-9852-A6642B5F32D2}.Release|Any CPU.ActiveCfg = Release|Any CPU
		{3FA76763-9FDB-49E9-9852-A6642B5F32D2}.Release|Any CPU.Build.0 = Release|Any CPU
		{CB9B3FF5-4D55-45F0-A9A6-0C0326D36414}.Debug|Any CPU.ActiveCfg = Debug|Any CPU
		{CB9B3FF5-4D55-45F0-A9A6-0C0326D36414}.Debug|Any CPU.Build.0 = Debug|Any CPU
		{CB9B3FF5-4D55-45F0-A9A6-0C0326D36414}.Release|Any CPU.ActiveCfg = Release|Any CPU
		{CB9B3FF5-4D55-45F0-A9A6-0C0326D36414}.Release|Any CPU.Build.0 = Release|Any CPU
	EndGlobalSection
	GlobalSection(SolutionProperties) = preSolution
		HideSolutionNode = FALSE
	EndGlobalSection
	GlobalSection(ExtensibilityGlobals) = postSolution
		SolutionGuid = {C2B0C9B4-532B-44B0-87F9-24C432F70180}
	EndGlobalSection
EndGlobal
