
Microsoft Visual Studio Solution File, Format Version 12.00
# Visual Studio Version 17
VisualStudioVersion = 17.2.32630.192
MinimumVisualStudioVersion = 10.0.40219.1
Project("{FAE04EC0-301F-11D3-BF4B-00C04F79EFBC}") = "SEDC.NotesApp", "SEDC.NotesApp\SEDC.NotesApp.csproj", "{8A85093E-88D0-4BA5-9867-3ED5929353CE}"
EndProject
Project("{FAE04EC0-301F-11D3-BF4B-00C04F79EFBC}") = "SEDC.NotesApp.Domain", "SEDC.NotesApp.Domain\SEDC.NotesApp.Domain.csproj", "{3064A711-E297-4526-8E17-0F9FD7CFC3DE}"
EndProject
Project("{FAE04EC0-301F-11D3-BF4B-00C04F79EFBC}") = "SEDC.NotesApp.DataAccess", "SEDC.NotesApp.DataAccess\SEDC.NotesApp.DataAccess.csproj", "{5E1218DF-C3C6-4784-BAB4-21B58F46B320}"
EndProject
Project("{FAE04EC0-301F-11D3-BF4B-00C04F79EFBC}") = "SEDC.NotesApp.Helpers", "SEDC.NotesApp.Helpers\SEDC.NotesApp.Helpers.csproj", "{50C099A0-DFFB-444A-9ACD-9519C6BAF88B}"
EndProject
Global
	GlobalSection(SolutionConfigurationPlatforms) = preSolution
		Debug|Any CPU = Debug|Any CPU
		Release|Any CPU = Release|Any CPU
	EndGlobalSection
	GlobalSection(ProjectConfigurationPlatforms) = postSolution
		{8A85093E-88D0-4BA5-9867-3ED5929353CE}.Debug|Any CPU.ActiveCfg = Debug|Any CPU
		{8A85093E-88D0-4BA5-9867-3ED5929353CE}.Debug|Any CPU.Build.0 = Debug|Any CPU
		{8A85093E-88D0-4BA5-9867-3ED5929353CE}.Release|Any CPU.ActiveCfg = Release|Any CPU
		{8A85093E-88D0-4BA5-9867-3ED5929353CE}.Release|Any CPU.Build.0 = Release|Any CPU
		{3064A711-E297-4526-8E17-0F9FD7CFC3DE}.Debug|Any CPU.ActiveCfg = Debug|Any CPU
		{3064A711-E297-4526-8E17-0F9FD7CFC3DE}.Debug|Any CPU.Build.0 = Debug|Any CPU
		{3064A711-E297-4526-8E17-0F9FD7CFC3DE}.Release|Any CPU.ActiveCfg = Release|Any CPU
		{3064A711-E297-4526-8E17-0F9FD7CFC3DE}.Release|Any CPU.Build.0 = Release|Any CPU
		{5E1218DF-C3C6-4784-BAB4-21B58F46B320}.Debug|Any CPU.ActiveCfg = Debug|Any CPU
		{5E1218DF-C3C6-4784-BAB4-21B58F46B320}.Debug|Any CPU.Build.0 = Debug|Any CPU
		{5E1218DF-C3C6-4784-BAB4-21B58F46B320}.Release|Any CPU.ActiveCfg = Release|Any CPU
		{5E1218DF-C3C6-4784-BAB4-21B58F46B320}.Release|Any CPU.Build.0 = Release|Any CPU
		{50C099A0-DFFB-444A-9ACD-9519C6BAF88B}.Debug|Any CPU.ActiveCfg = Debug|Any CPU
		{50C099A0-DFFB-444A-9ACD-9519C6BAF88B}.Debug|Any CPU.Build.0 = Debug|Any CPU
		{50C099A0-DFFB-444A-9ACD-9519C6BAF88B}.Release|Any CPU.ActiveCfg = Release|Any CPU
		{50C099A0-DFFB-444A-9ACD-9519C6BAF88B}.Release|Any CPU.Build.0 = Release|Any CPU
	EndGlobalSection
	GlobalSection(SolutionProperties) = preSolution
		HideSolutionNode = FALSE
	EndGlobalSection
	GlobalSection(ExtensibilityGlobals) = postSolution
		SolutionGuid = {DE9F2A78-B545-4C40-953F-2BD0A26F6BA3}
	EndGlobalSection
EndGlobal
