
Microsoft Visual Studio Solution File, Format Version 12.00
# Visual Studio Version 17
VisualStudioVersion = 17.2.32526.322
MinimumVisualStudioVersion = 10.0.40219.1
Project("{FAE04EC0-301F-11D3-BF4B-00C04F79EFBC}") = "SEDC.NotesApp", "SEDC.NotesApp\SEDC.NotesApp.csproj", "{ADC918CC-A61D-452F-A701-7DFFD42A7728}"
EndProject
Global
	GlobalSection(SolutionConfigurationPlatforms) = preSolution
		Debug|Any CPU = Debug|Any CPU
		Release|Any CPU = Release|Any CPU
	EndGlobalSection
	GlobalSection(ProjectConfigurationPlatforms) = postSolution
		{ADC918CC-A61D-452F-A701-7DFFD42A7728}.Debug|Any CPU.ActiveCfg = Debug|Any CPU
		{ADC918CC-A61D-452F-A701-7DFFD42A7728}.Debug|Any CPU.Build.0 = Debug|Any CPU
		{ADC918CC-A61D-452F-A701-7DFFD42A7728}.Release|Any CPU.ActiveCfg = Release|Any CPU
		{ADC918CC-A61D-452F-A701-7DFFD42A7728}.Release|Any CPU.Build.0 = Release|Any CPU
	EndGlobalSection
	GlobalSection(SolutionProperties) = preSolution
		HideSolutionNode = FALSE
	EndGlobalSection
	GlobalSection(ExtensibilityGlobals) = postSolution
		SolutionGuid = {917F409D-6A70-4B0A-9BD5-88AAF6E190A1}
	EndGlobalSection
EndGlobal
