
Microsoft Visual Studio Solution File, Format Version 12.00
# Visual Studio Version 17
VisualStudioVersion = 17.6.33723.286
MinimumVisualStudioVersion = 10.0.40219.1
Project("{FAE04EC0-301F-11D3-BF4B-00C04F79EFBC}") = "SEDC.NoteApp.Api", "SEDC.NoteApp.Api\SEDC.NoteApp.Api.csproj", "{5FF91EE8-12E8-4986-8A25-EA41C663B4DF}"
EndProject
Global
	GlobalSection(SolutionConfigurationPlatforms) = preSolution
		Debug|Any CPU = Debug|Any CPU
		Release|Any CPU = Release|Any CPU
	EndGlobalSection
	GlobalSection(ProjectConfigurationPlatforms) = postSolution
		{5FF91EE8-12E8-4986-8A25-EA41C663B4DF}.Debug|Any CPU.ActiveCfg = Debug|Any CPU
		{5FF91EE8-12E8-4986-8A25-EA41C663B4DF}.Debug|Any CPU.Build.0 = Debug|Any CPU
		{5FF91EE8-12E8-4986-8A25-EA41C663B4DF}.Release|Any CPU.ActiveCfg = Release|Any CPU
		{5FF91EE8-12E8-4986-8A25-EA41C663B4DF}.Release|Any CPU.Build.0 = Release|Any CPU
	EndGlobalSection
	GlobalSection(SolutionProperties) = preSolution
		HideSolutionNode = FALSE
	EndGlobalSection
	GlobalSection(ExtensibilityGlobals) = postSolution
		SolutionGuid = {05E6B48D-D627-4B1D-A359-D4D826EDEA87}
	EndGlobalSection
EndGlobal
