
Microsoft Visual Studio Solution File, Format Version 12.00
# Visual Studio Version 17
VisualStudioVersion = 17.2.32602.215
MinimumVisualStudioVersion = 10.0.40219.1
Project("{FAE04EC0-301F-11D3-BF4B-00C04F79EFBC}") = "SEDC.NotesApp", "SEDC.NotesApp\SEDC.NotesApp.csproj", "{09499C66-090C-415E-AFD7-BA6F273BFBF9}"
EndProject
Global
	GlobalSection(SolutionConfigurationPlatforms) = preSolution
		Debug|Any CPU = Debug|Any CPU
		Release|Any CPU = Release|Any CPU
	EndGlobalSection
	GlobalSection(ProjectConfigurationPlatforms) = postSolution
		{09499C66-090C-415E-AFD7-BA6F273BFBF9}.Debug|Any CPU.ActiveCfg = Debug|Any CPU
		{09499C66-090C-415E-AFD7-BA6F273BFBF9}.Debug|Any CPU.Build.0 = Debug|Any CPU
		{09499C66-090C-415E-AFD7-BA6F273BFBF9}.Release|Any CPU.ActiveCfg = Release|Any CPU
		{09499C66-090C-415E-AFD7-BA6F273BFBF9}.Release|Any CPU.Build.0 = Release|Any CPU
	EndGlobalSection
	GlobalSection(SolutionProperties) = preSolution
		HideSolutionNode = FALSE
	EndGlobalSection
	GlobalSection(ExtensibilityGlobals) = postSolution
		SolutionGuid = {001DCE08-EA2D-4F16-AEC6-F82E06725D96}
	EndGlobalSection
EndGlobal
